// !$*UTF8*$!
{
	archiveVersion = 1;
	classes = {
	};
	objectVersion = 46;
	objects = {

/* Begin PBXBuildFile section */
		C17B98A315AB00550052D8FD /* Foundation.framework in Frameworks */ = {isa = PBXBuildFile; fileRef = C17B98A215AB00550052D8FD /* Foundation.framework */; };
		C17B98A615AB00550052D8FD /* main.m in Sources */ = {isa = PBXBuildFile; fileRef = C17B98A515AB00550052D8FD /* main.m */; };
		C17B98AA15AB00550052D8FD /* helloworld.1 in CopyFiles */ = {isa = PBXBuildFile; fileRef = C17B98A915AB00550052D8FD /* helloworld.1 */; };
/* End PBXBuildFile section */

/* Begin PBXCopyFilesBuildPhase section */
		C17B989C15AB00550052D8FD /* CopyFiles */ = {
			isa = PBXCopyFilesBuildPhase;
			buildActionMask = 2147483647;
			dstPath = /usr/share/man/man1/;
			dstSubfolderSpec = 0;
			files = (
				C17B98AA15AB00550052D8FD /* helloworld.1 in CopyFiles */,
			);
			runOnlyForDeploymentPostprocessing = 1;
		};
/* End PBXCopyFilesBuildPhase section */

/* Begin PBXFileReference section */
		C17B989E15AB00550052D8FD /* helloworld */ = {isa = PBXFileReference; explicitFileType = "compiled.mach-o.executable"; includeInIndex = 0; path = helloworld; sourceTree = BUILT_PRODUCTS_DIR; };
		C17B98A215AB00550052D8FD /* Foundation.framework */ = {isa = PBXFileReference; lastKnownFileType = wrapper.framework; name = Foundation.framework; path = System/Library/Frameworks/Foundation.framework; sourceTree = SDKROOT; };
		C17B98A515AB00550052D8FD /* main.m */ = {isa = PBXFileReference; lastKnownFileType = sourcecode.c.objc; path = main.m; sourceTree = "<group>"; };
		C17B98A815AB00550052D8FD /* helloworld-Prefix.pch */ = {isa = PBXFileReference; lastKnownFileType = sourcecode.c.h; path = "helloworld-Prefix.pch"; sourceTree = "<group>"; };
		C17B98A915AB00550052D8FD /* helloworld.1 */ = {isa = PBXFileReference; lastKnownFileType = text.man; path = helloworld.1; sourceTree = "<group>"; };
/* End PBXFileReference section */

/* Begin PBXFrameworksBuildPhase section */
		C17B989B15AB00550052D8FD /* Frameworks */ = {
			isa = PBXFrameworksBuildPhase;
			buildActionMask = 2147483647;
			files = (
				C17B98A315AB00550052D8FD /* Foundation.framework in Frameworks */,
			);
			runOnlyForDeploymentPostprocessing = 0;
		};
/* End PBXFrameworksBuildPhase section */

/* Begin PBXGroup section */
		C17B989315AB00550052D8FD = {
			isa = PBXGroup;
			children = (
				C17B98A415AB00550052D8FD /* helloworld */,
				C17B98A115AB00550052D8FD /* Frameworks */,
				C17B989F15AB00550052D8FD /* Products */,
			);
			sourceTree = "<group>";
		};
		C17B989F15AB00550052D8FD /* Products */ = {
			isa = PBXGroup;
			children = (
				C17B989E15AB00550052D8FD /* helloworld */,
			);
			name = Products;
			sourceTree = "<group>";
		};
		C17B98A115AB00550052D8FD /* Frameworks */ = {
			isa = PBXGroup;
			children = (
				C17B98A215AB00550052D8FD /* Foundation.framework */,
			);
			name = Frameworks;
			sourceTree = "<group>";
		};
		C17B98A415AB00550052D8FD /* helloworld */ = {
			isa = PBXGroup;
			children = (
				C17B98A515AB00550052D8FD /* main.m */,
				C17B98A915AB00550052D8FD /* helloworld.1 */,
				C17B98A715AB00550052D8FD /* Supporting Files */,
			);
			path = helloworld;
			sourceTree = "<group>";
		};
		C17B98A715AB00550052D8FD /* Supporting Files */ = {
			isa = PBXGroup;
			children = (
				C17B98A815AB00550052D8FD /* helloworld-Prefix.pch */,
			);
			name = "Supporting Files";
			sourceTree = "<group>";
		};
/* End PBXGroup section */

/* Begin PBXNativeTarget section */
		C17B989D15AB00550052D8FD /* helloworld */ = {
			isa = PBXNativeTarget;
			buildConfigurationList = C17B98AD15AB00550052D8FD /* Build configuration list for PBXNativeTarget "helloworld" */;
			buildPhases = (
				C17B989A15AB00550052D8FD /* Sources */,
				C17B989B15AB00550052D8FD /* Frameworks */,
				C17B989C15AB00550052D8FD /* CopyFiles */,
			);
			buildRules = (
			);
			dependencies = (
			);
			name = helloworld;
			productName = helloworld;
			productReference = C17B989E15AB00550052D8FD /* helloworld */;
			productType = "com.apple.product-type.tool";
		};
/* End PBXNativeTarget section */

/* Begin PBXProject section */
		C17B989515AB00550052D8FD /* Project object */ = {
			isa = PBXProject;
			attributes = {
				LastUpgradeCheck = 0430;
			};
			buildConfigurationList = C17B989815AB00550052D8FD /* Build configuration list for PBXProject "helloworld" */;
			compatibilityVersion = "Xcode 3.2";
			developmentRegion = English;
			hasScannedForEncodings = 0;
			knownRegions = (
				en,
			);
			mainGroup = C17B989315AB00550052D8FD;
			productRefGroup = C17B989F15AB00550052D8FD /* Products */;
			projectDirPath = "";
			projectRoot = "";
			targets = (
				C17B989D15AB00550052D8FD /* helloworld */,
			);
		};
/* End PBXProject section */

/* Begin PBXSourcesBuildPhase section */
		C17B989A15AB00550052D8FD /* Sources */ = {
			isa = PBXSourcesBuildPhase;
			buildActionMask = 2147483647;
			files = (
				C17B98A615AB00550052D8FD /* main.m in Sources */,
			);
			runOnlyForDeploymentPostprocessing = 0;
		};
/* End PBXSourcesBuildPhase section */

/* Begin XCBuildConfiguration section */
		C17B98AB15AB00550052D8FD /* Debug */ = {
			isa = XCBuildConfiguration;
			buildSettings = {
				ALWAYS_SEARCH_USER_PATHS = NO;
				ARCHS = "$(ARCHS_STANDARD_64_BIT)";
				CLANG_ENABLE_OBJC_ARC = YES;
				COPY_PHASE_STRIP = NO;
				GCC_C_LANGUAGE_STANDARD = gnu99;
				GCC_DYNAMIC_NO_PIC = NO;
				GCC_ENABLE_OBJC_EXCEPTIONS = YES;
				GCC_OPTIMIZATION_LEVEL = 0;
				GCC_PREPROCESSOR_DEFINITIONS = (
					"DEBUG=1",
					"$(inherited)",
				);
				GCC_SYMBOLS_PRIVATE_EXTERN = NO;
				GCC_VERSION = com.apple.compilers.llvm.clang.1_0;
				GCC_WARN_64_TO_32_BIT_CONVERSION = YES;
				GCC_WARN_ABOUT_RETURN_TYPE = YES;
				GCC_WARN_UNINITIALIZED_AUTOS = YES;
				GCC_WARN_UNUSED_VARIABLE = YES;
				MACOSX_DEPLOYMENT_TARGET = 10.7;
				ONLY_ACTIVE_ARCH = YES;
				SDKROOT = macosx;
			};
			name = Debug;
		};
		C17B98AC15AB00550052D8FD /* Release */ = {
			isa = XCBuildConfiguration;
			buildSettings = {
				ALWAYS_SEARCH_USER_PATHS = NO;
				ARCHS = "$(ARCHS_STANDARD_64_BIT)";
				CLANG_ENABLE_OBJC_ARC = YES;
				COPY_PHASE_STRIP = YES;
				DEBUG_INFORMATION_FORMAT = "dwarf-with-dsym";
				GCC_C_LANGUAGE_STANDARD = gnu99;
				GCC_ENABLE_OBJC_EXCEPTIONS = YES;
				GCC_VERSION = com.apple.compilers.llvm.clang.1_0;
				GCC_WARN_64_TO_32_BIT_CONVERSION = YES;
				GCC_WARN_ABOUT_RETURN_TYPE = YES;
				GCC_WARN_UNINITIALIZED_AUTOS = YES;
				GCC_WARN_UNUSED_VARIABLE = YES;
				MACOSX_DEPLOYMENT_TARGET = 10.7;
				SDKROOT = macosx;
			};
			name = Release;
		};
		C17B98AE15AB00550052D8FD /* Debug */ = {
			isa = XCBuildConfiguration;
			buildSettings = {
				GCC_PRECOMPILE_PREFIX_HEADER = YES;
				GCC_PREFIX_HEADER = "helloworld/helloworld-Prefix.pch";
				PRODUCT_NAME = "$(TARGET_NAME)";
			};
			name = Debug;
		};
		C17B98AF15AB00550052D8FD /* Release */ = {
			isa = XCBuildConfiguration;
			buildSettings = {
				GCC_PRECOMPILE_PREFIX_HEADER = YES;
				GCC_PREFIX_HEADER = "helloworld/helloworld-Prefix.pch";
				PRODUCT_NAME = "$(TARGET_NAME)";
			};
			name = Release;
		};
/* End XCBuildConfiguration section */

/* Begin XCConfigurationList section */
		C17B989815AB00550052D8FD /* Build configuration list for PBXProject "helloworld" */ = {
			isa = XCConfigurationList;
			buildConfigurations = (
				C17B98AB15AB00550052D8FD /* Debug */,
				C17B98AC15AB00550052D8FD /* Release */,
			);
			defaultConfigurationIsVisible = 0;
			defaultConfigurationName = Release;
		};
		C17B98AD15AB00550052D8FD /* Build configuration list for PBXNativeTarget "helloworld" */ = {
			isa = XCConfigurationList;
			buildConfigurations = (
				C17B98AE15AB00550052D8FD /* Debug */,
				C17B98AF15AB00550052D8FD /* Release */,
			);
			defaultConfigurationIsVisible = 0;
		};
/* End XCConfigurationList section */
	};
	rootObject = C17B989515AB00550052D8FD /* Project object */;
}
